
Microsoft Visual Studio Solution File, Format Version 12.00
# Visual Studio Version 17
VisualStudioVersion = 17.14.36414.22 d17.14
MinimumVisualStudioVersion = 10.0.40219.1
Project("{FAE04EC0-301F-11D3-BF4B-00C04F79EFBC}") = "MHB3", "MHB3\MHB3.csproj", "{F8468FD9-99A8-41EC-9B43-F212C391A18A}"
EndProject
Global
	GlobalSection(SolutionConfigurationPlatforms) = preSolution
		Debug|Any CPU = Debug|Any CPU
		Release|Any CPU = Release|Any CPU
	EndGlobalSection
	GlobalSection(ProjectConfigurationPlatforms) = postSolution
		{F8468FD9-99A8-41EC-9B43-F212C391A18A}.Debug|Any CPU.ActiveCfg = Debug|Any CPU
		{F8468FD9-99A8-41EC-9B43-F212C391A18A}.Debug|Any CPU.Build.0 = Debug|Any CPU
		{F8468FD9-99A8-41EC-9B43-F212C391A18A}.Release|Any CPU.ActiveCfg = Release|Any CPU
		{F8468FD9-99A8-41EC-9B43-F212C391A18A}.Release|Any CPU.Build.0 = Release|Any CPU
	EndGlobalSection
	GlobalSection(SolutionProperties) = preSolution
		HideSolutionNode = FALSE
	EndGlobalSection
	GlobalSection(ExtensibilityGlobals) = postSolution
		SolutionGuid = {4B5DDD1F-C568-4B32-8CD4-3AF989EAB97B}
	EndGlobalSection
EndGlobal
