
Microsoft Visual Studio Solution File, Format Version 12.00
# Visual Studio Version 17
VisualStudioVersion = 17.14.36414.22 d17.14
MinimumVisualStudioVersion = 10.0.40219.1
Project("{FAE04EC0-301F-11D3-BF4B-00C04F79EFBC}") = "MHB4", "MHB4\MHB4.csproj", "{3B5E864E-4D37-421D-BD59-FC5C2FB5DE5A}"
EndProject
Global
	GlobalSection(SolutionConfigurationPlatforms) = preSolution
		Debug|Any CPU = Debug|Any CPU
		Release|Any CPU = Release|Any CPU
	EndGlobalSection
	GlobalSection(ProjectConfigurationPlatforms) = postSolution
		{3B5E864E-4D37-421D-BD59-FC5C2FB5DE5A}.Debug|Any CPU.ActiveCfg = Debug|Any CPU
		{3B5E864E-4D37-421D-BD59-FC5C2FB5DE5A}.Debug|Any CPU.Build.0 = Debug|Any CPU
		{3B5E864E-4D37-421D-BD59-FC5C2FB5DE5A}.Release|Any CPU.ActiveCfg = Release|Any CPU
		{3B5E864E-4D37-421D-BD59-FC5C2FB5DE5A}.Release|Any CPU.Build.0 = Release|Any CPU
	EndGlobalSection
	GlobalSection(SolutionProperties) = preSolution
		HideSolutionNode = FALSE
	EndGlobalSection
	GlobalSection(ExtensibilityGlobals) = postSolution
		SolutionGuid = {82DA203B-610E-4429-83D4-06BD7FF16168}
	EndGlobalSection
EndGlobal
